
Microsoft Visual Studio Solution File, Format Version 12.00
# Visual Studio Version 17
VisualStudioVersion = 17.7.34221.43
MinimumVisualStudioVersion = 10.0.40219.1
Project("{FAE04EC0-301F-11D3-BF4B-00C04F79EFBC}") = "FirstAutoTest", "AutoTest\FirstAutoTest.csproj", "{C2BCD09A-96AE-4685-8101-3C0064DB864B}"
EndProject
Project("{FAE04EC0-301F-11D3-BF4B-00C04F79EFBC}") = "Tests", "Tests\Tests.csproj", "{81606306-9882-4ED7-B99A-B7A029F528BB}"
EndProject
Global
	GlobalSection(SolutionConfigurationPlatforms) = preSolution
		Debug|Any CPU = Debug|Any CPU
		Release|Any CPU = Release|Any CPU
	EndGlobalSection
	GlobalSection(ProjectConfigurationPlatforms) = postSolution
		{C2BCD09A-96AE-4685-8101-3C0064DB864B}.Debug|Any CPU.ActiveCfg = Debug|Any CPU
		{C2BCD09A-96AE-4685-8101-3C0064DB864B}.Debug|Any CPU.Build.0 = Debug|Any CPU
		{C2BCD09A-96AE-4685-8101-3C0064DB864B}.Release|Any CPU.ActiveCfg = Release|Any CPU
		{C2BCD09A-96AE-4685-8101-3C0064DB864B}.Release|Any CPU.Build.0 = Release|Any CPU
		{81606306-9882-4ED7-B99A-B7A029F528BB}.Debug|Any CPU.ActiveCfg = Debug|Any CPU
		{81606306-9882-4ED7-B99A-B7A029F528BB}.Debug|Any CPU.Build.0 = Debug|Any CPU
		{81606306-9882-4ED7-B99A-B7A029F528BB}.Release|Any CPU.ActiveCfg = Release|Any CPU
		{81606306-9882-4ED7-B99A-B7A029F528BB}.Release|Any CPU.Build.0 = Release|Any CPU
	EndGlobalSection
	GlobalSection(SolutionProperties) = preSolution
		HideSolutionNode = FALSE
	EndGlobalSection
	GlobalSection(ExtensibilityGlobals) = postSolution
		SolutionGuid = {CC708A54-29C1-4632-8EBA-BE10F295844C}
	EndGlobalSection
EndGlobal
